// !$*UTF8*$!
{
	archiveVersion = 1;
	classes = {
	};
	objectVersion = 77;
	objects = {

/* Begin PBXContainerItemProxy section */
		8AF0D5732E5DAD7200507F34 /* PBXContainerItemProxy */ = {
			isa = PBXContainerItemProxy;
			containerPortal = 8AF0D55A2E5DAD7000507F34 /* Project object */;
			proxyType = 1;
			remoteGlobalIDString = 8AF0D5612E5DAD7000507F34;
			remoteInfo = foodfireroad;
		};
		8AF0D57D2E5DAD7200507F34 /* PBXContainerItemProxy */ = {
			isa = PBXContainerItemProxy;
			containerPortal = 8AF0D55A2E5DAD7000507F34 /* Project object */;
			proxyType = 1;
			remoteGlobalIDString = 8AF0D5612E5DAD7000507F34;
			remoteInfo = foodfireroad;
		};
/* End PBXContainerItemProxy section */

/* Begin PBXFileReference section */
		8AF0D5622E5DAD7000507F34 /* foodfireroad.app */ = {isa = PBXFileReference; explicitFileType = wrapper.application; includeInIndex = 0; path = foodfireroad.app; sourceTree = BUILT_PRODUCTS_DIR; };
		8AF0D5722E5DAD7200507F34 /* foodfireroadTests.xctest */ = {isa = PBXFileReference; explicitFileType = wrapper.cfbundle; includeInIndex = 0; path = foodfireroadTests.xctest; sourceTree = BUILT_PRODUCTS_DIR; };
		8AF0D57C2E5DAD7200507F34 /* foodfireroadUITests.xctest */ = {isa = PBXFileReference; explicitFileType = wrapper.cfbundle; includeInIndex = 0; path = foodfireroadUITests.xctest; sourceTree = BUILT_PRODUCTS_DIR; };
/* End PBXFileReference section */

/* Begin PBXFileSystemSynchronizedRootGroup section */
		8AF0D5642E5DAD7000507F34 /* foodfireroad */ = {
			isa = PBXFileSystemSynchronizedRootGroup;
			path = foodfireroad;
			sourceTree = "<group>";
		};
		8AF0D5752E5DAD7200507F34 /* foodfireroadTests */ = {
			isa = PBXFileSystemSynchronizedRootGroup;
			path = foodfireroadTests;
			sourceTree = "<group>";
		};
		8AF0D57F2E5DAD7200507F34 /* foodfireroadUITests */ = {
			isa = PBXFileSystemSynchronizedRootGroup;
			path = foodfireroadUITests;
			sourceTree = "<group>";
		};
/* End PBXFileSystemSynchronizedRootGroup section */

/* Begin PBXFrameworksBuildPhase section */
		8AF0D55F2E5DAD7000507F34 /* Frameworks */ = {
			isa = PBXFrameworksBuildPhase;
			buildActionMask = 2147483647;
			files = (
			);
			runOnlyForDeploymentPostprocessing = 0;
		};
		8AF0D56F2E5DAD7200507F34 /* Frameworks */ = {
			isa = PBXFrameworksBuildPhase;
			buildActionMask = 2147483647;
			files = (
			);
			runOnlyForDeploymentPostprocessing = 0;
		};
		8AF0D5792E5DAD7200507F34 /* Frameworks */ = {
			isa = PBXFrameworksBuildPhase;
			buildActionMask = 2147483647;
			files = (
			);
			runOnlyForDeploymentPostprocessing = 0;
		};
/* End PBXFrameworksBuildPhase section */

/* Begin PBXGroup section */
		8AF0D5592E5DAD7000507F34 = {
			isa = PBXGroup;
			children = (
				8AF0D5642E5DAD7000507F34 /* foodfireroad */,
				8AF0D5752E5DAD7200507F34 /* foodfireroadTests */,
				8AF0D57F2E5DAD7200507F34 /* foodfireroadUITests */,
				8AF0D5632E5DAD7000507F34 /* Products */,
			);
			sourceTree = "<group>";
		};
		8AF0D5632E5DAD7000507F34 /* Products */ = {
			isa = PBXGroup;
			children = (
				8AF0D5622E5DAD7000507F34 /* foodfireroad.app */,
				8AF0D5722E5DAD7200507F34 /* foodfireroadTests.xctest */,
				8AF0D57C2E5DAD7200507F34 /* foodfireroadUITests.xctest */,
			);
			name = Products;
			sourceTree = "<group>";
		};
/* End PBXGroup section */

/* Begin PBXNativeTarget section */
		8AF0D5612E5DAD7000507F34 /* foodfireroad */ = {
			isa = PBXNativeTarget;
			buildConfigurationList = 8AF0D5862E5DAD7200507F34 /* Build configuration list for PBXNativeTarget "foodfireroad" */;
			buildPhases = (
				8AF0D55E2E5DAD7000507F34 /* Sources */,
				8AF0D55F2E5DAD7000507F34 /* Frameworks */,
				8AF0D5602E5DAD7000507F34 /* Resources */,
			);
			buildRules = (
			);
			dependencies = (
			);
			fileSystemSynchronizedGroups = (
				8AF0D5642E5DAD7000507F34 /* foodfireroad */,
			);
			name = foodfireroad;
			packageProductDependencies = (
			);
			productName = foodfireroad;
			productReference = 8AF0D5622E5DAD7000507F34 /* foodfireroad.app */;
			productType = "com.apple.product-type.application";
		};
		8AF0D5712E5DAD7200507F34 /* foodfireroadTests */ = {
			isa = PBXNativeTarget;
			buildConfigurationList = 8AF0D5892E5DAD7200507F34 /* Build configuration list for PBXNativeTarget "foodfireroadTests" */;
			buildPhases = (
				8AF0D56E2E5DAD7200507F34 /* Sources */,
				8AF0D56F2E5DAD7200507F34 /* Frameworks */,
				8AF0D5702E5DAD7200507F34 /* Resources */,
			);
			buildRules = (
			);
			dependencies = (
				8AF0D5742E5DAD7200507F34 /* PBXTargetDependency */,
			);
			fileSystemSynchronizedGroups = (
				8AF0D5752E5DAD7200507F34 /* foodfireroadTests */,
			);
			name = foodfireroadTests;
			packageProductDependencies = (
			);
			productName = foodfireroadTests;
			productReference = 8AF0D5722E5DAD7200507F34 /* foodfireroadTests.xctest */;
			productType = "com.apple.product-type.bundle.unit-test";
		};
		8AF0D57B2E5DAD7200507F34 /* foodfireroadUITests */ = {
			isa = PBXNativeTarget;
			buildConfigurationList = 8AF0D58C2E5DAD7200507F34 /* Build configuration list for PBXNativeTarget "foodfireroadUITests" */;
			buildPhases = (
				8AF0D5782E5DAD7200507F34 /* Sources */,
				8AF0D5792E5DAD7200507F34 /* Frameworks */,
				8AF0D57A2E5DAD7200507F34 /* Resources */,
			);
			buildRules = (
			);
			dependencies = (
				8AF0D57E2E5DAD7200507F34 /* PBXTargetDependency */,
			);
			fileSystemSynchronizedGroups = (
				8AF0D57F2E5DAD7200507F34 /* foodfireroadUITests */,
			);
			name = foodfireroadUITests;
			packageProductDependencies = (
			);
			productName = foodfireroadUITests;
			productReference = 8AF0D57C2E5DAD7200507F34 /* foodfireroadUITests.xctest */;
			productType = "com.apple.product-type.bundle.ui-testing";
		};
/* End PBXNativeTarget section */

/* Begin PBXProject section */
		8AF0D55A2E5DAD7000507F34 /* Project object */ = {
			isa = PBXProject;
			attributes = {
				BuildIndependentTargetsInParallel = 1;
				LastSwiftUpdateCheck = 1600;
				LastUpgradeCheck = 1600;
				TargetAttributes = {
					8AF0D5612E5DAD7000507F34 = {
						CreatedOnToolsVersion = 16.0;
					};
					8AF0D5712E5DAD7200507F34 = {
						CreatedOnToolsVersion = 16.0;
						TestTargetID = 8AF0D5612E5DAD7000507F34;
					};
					8AF0D57B2E5DAD7200507F34 = {
						CreatedOnToolsVersion = 16.0;
						TestTargetID = 8AF0D5612E5DAD7000507F34;
					};
				};
			};
			buildConfigurationList = 8AF0D55D2E5DAD7000507F34 /* Build configuration list for PBXProject "foodfireroad" */;
			developmentRegion = en;
			hasScannedForEncodings = 0;
			knownRegions = (
				en,
				Base,
			);
			mainGroup = 8AF0D5592E5DAD7000507F34;
			minimizedProjectReferenceProxies = 1;
			preferredProjectObjectVersion = 77;
			productRefGroup = 8AF0D5632E5DAD7000507F34 /* Products */;
			projectDirPath = "";
			projectRoot = "";
			targets = (
				8AF0D5612E5DAD7000507F34 /* foodfireroad */,
				8AF0D5712E5DAD7200507F34 /* foodfireroadTests */,
				8AF0D57B2E5DAD7200507F34 /* foodfireroadUITests */,
			);
		};
/* End PBXProject section */

/* Begin PBXResourcesBuildPhase section */
		8AF0D5602E5DAD7000507F34 /* Resources */ = {
			isa = PBXResourcesBuildPhase;
			buildActionMask = 2147483647;
			files = (
			);
			runOnlyForDeploymentPostprocessing = 0;
		};
		8AF0D5702E5DAD7200507F34 /* Resources */ = {
			isa = PBXResourcesBuildPhase;
			buildActionMask = 2147483647;
			files = (
			);
			runOnlyForDeploymentPostprocessing = 0;
		};
		8AF0D57A2E5DAD7200507F34 /* Resources */ = {
			isa = PBXResourcesBuildPhase;
			buildActionMask = 2147483647;
			files = (
			);
			runOnlyForDeploymentPostprocessing = 0;
		};
/* End PBXResourcesBuildPhase section */

/* Begin PBXSourcesBuildPhase section */
		8AF0D55E2E5DAD7000507F34 /* Sources */ = {
			isa = PBXSourcesBuildPhase;
			buildActionMask = 2147483647;
			files = (
			);
			runOnlyForDeploymentPostprocessing = 0;
		};
		8AF0D56E2E5DAD7200507F34 /* Sources */ = {
			isa = PBXSourcesBuildPhase;
			buildActionMask = 2147483647;
			files = (
			);
			runOnlyForDeploymentPostprocessing = 0;
		};
		8AF0D5782E5DAD7200507F34 /* Sources */ = {
			isa = PBXSourcesBuildPhase;
			buildActionMask = 2147483647;
			files = (
			);
			runOnlyForDeploymentPostprocessing = 0;
		};
/* End PBXSourcesBuildPhase section */

/* Begin PBXTargetDependency section */
		8AF0D5742E5DAD7200507F34 /* PBXTargetDependency */ = {
			isa = PBXTargetDependency;
			target = 8AF0D5612E5DAD7000507F34 /* foodfireroad */;
			targetProxy = 8AF0D5732E5DAD7200507F34 /* PBXContainerItemProxy */;
		};
		8AF0D57E2E5DAD7200507F34 /* PBXTargetDependency */ = {
			isa = PBXTargetDependency;
			target = 8AF0D5612E5DAD7000507F34 /* foodfireroad */;
			targetProxy = 8AF0D57D2E5DAD7200507F34 /* PBXContainerItemProxy */;
		};
/* End PBXTargetDependency section */

/* Begin XCBuildConfiguration section */
		8AF0D5842E5DAD7200507F34 /* Debug */ = {
			isa = XCBuildConfiguration;
			buildSettings = {
				ALWAYS_SEARCH_USER_PATHS = NO;
				ASSETCATALOG_COMPILER_GENERATE_SWIFT_ASSET_SYMBOL_EXTENSIONS = YES;
				CLANG_ANALYZER_NONNULL = YES;
				CLANG_ANALYZER_NUMBER_OBJECT_CONVERSION = YES_AGGRESSIVE;
				CLANG_CXX_LANGUAGE_STANDARD = "gnu++20";
				CLANG_ENABLE_MODULES = YES;
				CLANG_ENABLE_OBJC_ARC = YES;
				CLANG_ENABLE_OBJC_WEAK = YES;
				CLANG_WARN_BLOCK_CAPTURE_AUTORELEASING = YES;
				CLANG_WARN_BOOL_CONVERSION = YES;
				CLANG_WARN_COMMA = YES;
				CLANG_WARN_CONSTANT_CONVERSION = YES;
				CLANG_WARN_DEPRECATED_OBJC_IMPLEMENTATIONS = YES;
				CLANG_WARN_DIRECT_OBJC_ISA_USAGE = YES_ERROR;
				CLANG_WARN_DOCUMENTATION_COMMENTS = YES;
				CLANG_WARN_EMPTY_BODY = YES;
				CLANG_WARN_ENUM_CONVERSION = YES;
				CLANG_WARN_INFINITE_RECURSION = YES;
				CLANG_WARN_INT_CONVERSION = YES;
				CLANG_WARN_NON_LITERAL_NULL_CONVERSION = YES;
				CLANG_WARN_OBJC_IMPLICIT_RETAIN_SELF = YES;
				CLANG_WARN_OBJC_LITERAL_CONVERSION = YES;
				CLANG_WARN_OBJC_ROOT_CLASS = YES_ERROR;
				CLANG_WARN_QUOTED_INCLUDE_IN_FRAMEWORK_HEADER = YES;
				CLANG_WARN_RANGE_LOOP_ANALYSIS = YES;
				CLANG_WARN_STRICT_PROTOTYPES = YES;
				CLANG_WARN_SUSPICIOUS_MOVE = YES;
				CLANG_WARN_UNGUARDED_AVAILABILITY = YES_AGGRESSIVE;
				CLANG_WARN_UNREACHABLE_CODE = YES;
				CLANG_WARN__DUPLICATE_METHOD_MATCH = YES;
				COPY_PHASE_STRIP = NO;
				DEBUG_INFORMATION_FORMAT = dwarf;
				ENABLE_STRICT_OBJC_MSGSEND = YES;
				ENABLE_TESTABILITY = YES;
				ENABLE_USER_SCRIPT_SANDBOXING = YES;
				GCC_C_LANGUAGE_STANDARD = gnu17;
				GCC_DYNAMIC_NO_PIC = NO;
				GCC_NO_COMMON_BLOCKS = YES;
				GCC_OPTIMIZATION_LEVEL = 0;
				GCC_PREPROCESSOR_DEFINITIONS = (
					"DEBUG=1",
					"$(inherited)",
				);
				GCC_WARN_64_TO_32_BIT_CONVERSION = YES;
				GCC_WARN_ABOUT_RETURN_TYPE = YES_ERROR;
				GCC_WARN_UNDECLARED_SELECTOR = YES;
				GCC_WARN_UNINITIALIZED_AUTOS = YES_AGGRESSIVE;
				GCC_WARN_UNUSED_FUNCTION = YES;
				GCC_WARN_UNUSED_VARIABLE = YES;
				IPHONEOS_DEPLOYMENT_TARGET = 18.0;
				LOCALIZATION_PREFERS_STRING_CATALOGS = YES;
				MTL_ENABLE_DEBUG_INFO = INCLUDE_SOURCE;
				MTL_FAST_MATH = YES;
				ONLY_ACTIVE_ARCH = YES;
				SDKROOT = iphoneos;
				SWIFT_ACTIVE_COMPILATION_CONDITIONS = "DEBUG $(inherited)";
				SWIFT_OPTIMIZATION_LEVEL = "-Onone";
			};
			name = Debug;
		};
		8AF0D5852E5DAD7200507F34 /* Release */ = {
			isa = XCBuildConfiguration;
			buildSettings = {
				ALWAYS_SEARCH_USER_PATHS = NO;
				ASSETCATALOG_COMPILER_GENERATE_SWIFT_ASSET_SYMBOL_EXTENSIONS = YES;
				CLANG_ANALYZER_NONNULL = YES;
				CLANG_ANALYZER_NUMBER_OBJECT_CONVERSION = YES_AGGRESSIVE;
				CLANG_CXX_LANGUAGE_STANDARD = "gnu++20";
				CLANG_ENABLE_MODULES = YES;
				CLANG_ENABLE_OBJC_ARC = YES;
				CLANG_ENABLE_OBJC_WEAK = YES;
				CLANG_WARN_BLOCK_CAPTURE_AUTORELEASING = YES;
				CLANG_WARN_BOOL_CONVERSION = YES;
				CLANG_WARN_COMMA = YES;
				CLANG_WARN_CONSTANT_CONVERSION = YES;
				CLANG_WARN_DEPRECATED_OBJC_IMPLEMENTATIONS = YES;
				CLANG_WARN_DIRECT_OBJC_ISA_USAGE = YES_ERROR;
				CLANG_WARN_DOCUMENTATION_COMMENTS = YES;
				CLANG_WARN_EMPTY_BODY = YES;
				CLANG_WARN_ENUM_CONVERSION = YES;
				CLANG_WARN_INFINITE_RECURSION = YES;
				CLANG_WARN_INT_CONVERSION = YES;
				CLANG_WARN_NON_LITERAL_NULL_CONVERSION = YES;
				CLANG_WARN_OBJC_IMPLICIT_RETAIN_SELF = YES;
				CLANG_WARN_OBJC_LITERAL_CONVERSION = YES;
				CLANG_WARN_OBJC_ROOT_CLASS = YES_ERROR;
				CLANG_WARN_QUOTED_INCLUDE_IN_FRAMEWORK_HEADER = YES;
				CLANG_WARN_RANGE_LOOP_ANALYSIS = YES;
				CLANG_WARN_STRICT_PROTOTYPES = YES;
				CLANG_WARN_SUSPICIOUS_MOVE = YES;
				CLANG_WARN_UNGUARDED_AVAILABILITY = YES_AGGRESSIVE;
				CLANG_WARN_UNREACHABLE_CODE = YES;
				CLANG_WARN__DUPLICATE_METHOD_MATCH = YES;
				COPY_PHASE_STRIP = NO;
				DEBUG_INFORMATION_FORMAT = "dwarf-with-dsym";
				ENABLE_NS_ASSERTIONS = NO;
				ENABLE_STRICT_OBJC_MSGSEND = YES;
				ENABLE_USER_SCRIPT_SANDBOXING = YES;
				GCC_C_LANGUAGE_STANDARD = gnu17;
				GCC_NO_COMMON_BLOCKS = YES;
				GCC_WARN_64_TO_32_BIT_CONVERSION = YES;
				GCC_WARN_ABOUT_RETURN_TYPE = YES_ERROR;
				GCC_WARN_UNDECLARED_SELECTOR = YES;
				GCC_WARN_UNINITIALIZED_AUTOS = YES_AGGRESSIVE;
				GCC_WARN_UNUSED_FUNCTION = YES;
				GCC_WARN_UNUSED_VARIABLE = YES;
				IPHONEOS_DEPLOYMENT_TARGET = 18.0;
				LOCALIZATION_PREFERS_STRING_CATALOGS = YES;
				MTL_ENABLE_DEBUG_INFO = NO;
				MTL_FAST_MATH = YES;
				SDKROOT = iphoneos;
				SWIFT_COMPILATION_MODE = wholemodule;
				VALIDATE_PRODUCT = YES;
			};
			name = Release;
		};
		8AF0D5872E5DAD7200507F34 /* Debug */ = {
			isa = XCBuildConfiguration;
			buildSettings = {
				ASSETCATALOG_COMPILER_APPICON_NAME = AppIcon;
				ASSETCATALOG_COMPILER_GLOBAL_ACCENT_COLOR_NAME = AccentColor;
				CODE_SIGN_STYLE = Automatic;
				CURRENT_PROJECT_VERSION = 2;
				DEVELOPMENT_ASSET_PATHS = "\"foodfireroad/Preview Content\"";
				ENABLE_PREVIEWS = YES;
				GENERATE_INFOPLIST_FILE = YES;
				INFOPLIST_KEY_UIApplicationSceneManifest_Generation = YES;
				INFOPLIST_KEY_UIApplicationSupportsIndirectInputEvents = YES;
				INFOPLIST_KEY_UILaunchScreen_Generation = YES;
				INFOPLIST_KEY_UISupportedInterfaceOrientations = UIInterfaceOrientationPortrait;
				INFOPLIST_KEY_UISupportedInterfaceOrientations_iPad = "UIInterfaceOrientationLandscapeLeft UIInterfaceOrientationLandscapeRight UIInterfaceOrientationPortrait UIInterfaceOrientationPortraitUpsideDown";
				IPHONEOS_DEPLOYMENT_TARGET = 17.0;
				LD_RUNPATH_SEARCH_PATHS = (
					"$(inherited)",
					"@executable_path/Frameworks",
				);
				MARKETING_VERSION = 1.0.;
				PRODUCT_BUNDLE_IDENTIFIER = com.renouklon.foodfireroad;
				PRODUCT_NAME = "$(TARGET_NAME)";
				SUPPORTED_PLATFORMS = "iphoneos iphonesimulator";
				SUPPORTS_MACCATALYST = NO;
				SUPPORTS_MAC_DESIGNED_FOR_IPHONE_IPAD = NO;
				SUPPORTS_XR_DESIGNED_FOR_IPHONE_IPAD = NO;
				SWIFT_EMIT_LOC_STRINGS = YES;
				SWIFT_VERSION = 5.0;
				TARGETED_DEVICE_FAMILY = 1;
			};
			name = Debug;
		};
		8AF0D5882E5DAD7200507F34 /* Release */ = {
			isa = XCBuildConfiguration;
			buildSettings = {
				ASSETCATALOG_COMPILER_APPICON_NAME = AppIcon;
				ASSETCATALOG_COMPILER_GLOBAL_ACCENT_COLOR_NAME = AccentColor;
				CODE_SIGN_STYLE = Automatic;
				CURRENT_PROJECT_VERSION = 2;
				DEVELOPMENT_ASSET_PATHS = "\"foodfireroad/Preview Content\"";
				ENABLE_PREVIEWS = YES;
				GENERATE_INFOPLIST_FILE = YES;
				INFOPLIST_KEY_UIApplicationSceneManifest_Generation = YES;
				INFOPLIST_KEY_UIApplicationSupportsIndirectInputEvents = YES;
				INFOPLIST_KEY_UILaunchScreen_Generation = YES;
				INFOPLIST_KEY_UISupportedInterfaceOrientations = UIInterfaceOrientationPortrait;
				INFOPLIST_KEY_UISupportedInterfaceOrientations_iPad = "UIInterfaceOrientationLandscapeLeft UIInterfaceOrientationLandscapeRight UIInterfaceOrientationPortrait UIInterfaceOrientationPortraitUpsideDown";
				IPHONEOS_DEPLOYMENT_TARGET = 17.0;
				LD_RUNPATH_SEARCH_PATHS = (
					"$(inherited)",
					"@executable_path/Frameworks",
				);
				MARKETING_VERSION = 1.0.;
				PRODUCT_BUNDLE_IDENTIFIER = com.renouklon.foodfireroad;
				PRODUCT_NAME = "$(TARGET_NAME)";
				SUPPORTED_PLATFORMS = "iphoneos iphonesimulator";
				SUPPORTS_MACCATALYST = NO;
				SUPPORTS_MAC_DESIGNED_FOR_IPHONE_IPAD = NO;
				SUPPORTS_XR_DESIGNED_FOR_IPHONE_IPAD = NO;
				SWIFT_EMIT_LOC_STRINGS = YES;
				SWIFT_VERSION = 5.0;
				TARGETED_DEVICE_FAMILY = 1;
			};
			name = Release;
		};
		8AF0D58A2E5DAD7200507F34 /* Debug */ = {
			isa = XCBuildConfiguration;
			buildSettings = {
				BUNDLE_LOADER = "$(TEST_HOST)";
				CODE_SIGN_STYLE = Automatic;
				CURRENT_PROJECT_VERSION = 1;
				GENERATE_INFOPLIST_FILE = YES;
				IPHONEOS_DEPLOYMENT_TARGET = 18.0;
				MARKETING_VERSION = 1.0;
				PRODUCT_BUNDLE_IDENTIFIER = com.renouklon.foodfireroadTests;
				PRODUCT_NAME = "$(TARGET_NAME)";
				SWIFT_EMIT_LOC_STRINGS = NO;
				SWIFT_VERSION = 5.0;
				TARGETED_DEVICE_FAMILY = "1,2";
				TEST_HOST = "$(BUILT_PRODUCTS_DIR)/foodfireroad.app/$(BUNDLE_EXECUTABLE_FOLDER_PATH)/foodfireroad";
			};
			name = Debug;
		};
		8AF0D58B2E5DAD7200507F34 /* Release */ = {
			isa = XCBuildConfiguration;
			buildSettings = {
				BUNDLE_LOADER = "$(TEST_HOST)";
				CODE_SIGN_STYLE = Automatic;
				CURRENT_PROJECT_VERSION = 1;
				GENERATE_INFOPLIST_FILE = YES;
				IPHONEOS_DEPLOYMENT_TARGET = 18.0;
				MARKETING_VERSION = 1.0;
				PRODUCT_BUNDLE_IDENTIFIER = com.renouklon.foodfireroadTests;
				PRODUCT_NAME = "$(TARGET_NAME)";
				SWIFT_EMIT_LOC_STRINGS = NO;
				SWIFT_VERSION = 5.0;
				TARGETED_DEVICE_FAMILY = "1,2";
				TEST_HOST = "$(BUILT_PRODUCTS_DIR)/foodfireroad.app/$(BUNDLE_EXECUTABLE_FOLDER_PATH)/foodfireroad";
			};
			name = Release;
		};
		8AF0D58D2E5DAD7200507F34 /* Debug */ = {
			isa = XCBuildConfiguration;
			buildSettings = {
				CODE_SIGN_STYLE = Automatic;
				CURRENT_PROJECT_VERSION = 1;
				GENERATE_INFOPLIST_FILE = YES;
				MARKETING_VERSION = 1.0;
				PRODUCT_BUNDLE_IDENTIFIER = com.renouklon.foodfireroadUITests;
				PRODUCT_NAME = "$(TARGET_NAME)";
				SWIFT_EMIT_LOC_STRINGS = NO;
				SWIFT_VERSION = 5.0;
				TARGETED_DEVICE_FAMILY = "1,2";
				TEST_TARGET_NAME = foodfireroad;
			};
			name = Debug;
		};
		8AF0D58E2E5DAD7200507F34 /* Release */ = {
			isa = XCBuildConfiguration;
			buildSettings = {
				CODE_SIGN_STYLE = Automatic;
				CURRENT_PROJECT_VERSION = 1;
				GENERATE_INFOPLIST_FILE = YES;
				MARKETING_VERSION = 1.0;
				PRODUCT_BUNDLE_IDENTIFIER = com.renouklon.foodfireroadUITests;
				PRODUCT_NAME = "$(TARGET_NAME)";
				SWIFT_EMIT_LOC_STRINGS = NO;
				SWIFT_VERSION = 5.0;
				TARGETED_DEVICE_FAMILY = "1,2";
				TEST_TARGET_NAME = foodfireroad;
			};
			name = Release;
		};
/* End XCBuildConfiguration section */

/* Begin XCConfigurationList section */
		8AF0D55D2E5DAD7000507F34 /* Build configuration list for PBXProject "foodfireroad" */ = {
			isa = XCConfigurationList;
			buildConfigurations = (
				8AF0D5842E5DAD7200507F34 /* Debug */,
				8AF0D5852E5DAD7200507F34 /* Release */,
			);
			defaultConfigurationIsVisible = 0;
			defaultConfigurationName = Release;
		};
		8AF0D5862E5DAD7200507F34 /* Build configuration list for PBXNativeTarget "foodfireroad" */ = {
			isa = XCConfigurationList;
			buildConfigurations = (
				8AF0D5872E5DAD7200507F34 /* Debug */,
				8AF0D5882E5DAD7200507F34 /* Release */,
			);
			defaultConfigurationIsVisible = 0;
			defaultConfigurationName = Release;
		};
		8AF0D5892E5DAD7200507F34 /* Build configuration list for PBXNativeTarget "foodfireroadTests" */ = {
			isa = XCConfigurationList;
			buildConfigurations = (
				8AF0D58A2E5DAD7200507F34 /* Debug */,
				8AF0D58B2E5DAD7200507F34 /* Release */,
			);
			defaultConfigurationIsVisible = 0;
			defaultConfigurationName = Release;
		};
		8AF0D58C2E5DAD7200507F34 /* Build configuration list for PBXNativeTarget "foodfireroadUITests" */ = {
			isa = XCConfigurationList;
			buildConfigurations = (
				8AF0D58D2E5DAD7200507F34 /* Debug */,
				8AF0D58E2E5DAD7200507F34 /* Release */,
			);
			defaultConfigurationIsVisible = 0;
			defaultConfigurationName = Release;
		};
/* End XCConfigurationList section */
	};
	rootObject = 8AF0D55A2E5DAD7000507F34 /* Project object */;
}
